{
  "name": "@replay-method/rocket-league-engine",
  "version": "0.9.0",
  "lockfileVersion": 3,
  "requires": true,
  "packages": {
    "": {
      "name": "@replay-method/rocket-league-engine",
      "version": "0.9.0",
      "dependencies": {
        "@rlrml/subtr-actor": "1.2.0"
      },
      "engines": {
        "node": ">=22.13.0"
      }
    },
    "node_modules/@rlrml/subtr-actor": {
      "version": "1.2.0",
      "resolved": "https://registry.npmjs.org/@rlrml/subtr-actor/-/subtr-actor-1.2.0.tgz",
      "integrity": "sha512-wAc20lhf6A77210DsYXylCZ9VSKaKwC8RAtio13dz3RqxK/KxOV9XHSiHjH1hcydDfDMBBB+eWRsNXscRB2UVA==",
      "license": "MIT"
    }
  }
}
